
Microsoft Visual Studio Solution File, Format Version 12.00
# Visual Studio Version 17
VisualStudioVersion = 17.0.31903.59
MinimumVisualStudioVersion = 10.0.40219.1
Project("{2150E333-8FDC-42A3-9474-1A3956D46DE8}") = "src", "src", "{3FABEF67-53EC-41FC-85D8-8B6ADC825110}"
EndProject
Project("{FAE04EC0-301F-11D3-BF4B-00C04F79EFBC}") = "WorkerHost", "src\WorkerHost\WorkerHost.csproj", "{F5736FFE-51C3-45BD-A512-0100B519FB97}"
EndProject
Project("{2150E333-8FDC-42A3-9474-1A3956D46DE8}") = "tests", "tests", "{21DEB37C-4C1F-4659-AE4C-B354745106E3}"
EndProject
Project("{FAE04EC0-301F-11D3-BF4B-00C04F79EFBC}") = "WorkerHost.Tests", "tests\WorkerHost.Tests\WorkerHost.Tests.csproj", "{C63D8577-14EE-4547-B73F-6139A36AE613}"
EndProject
Global
	GlobalSection(SolutionConfigurationPlatforms) = preSolution
		Debug|Any CPU = Debug|Any CPU
		Release|Any CPU = Release|Any CPU
	EndGlobalSection
	GlobalSection(SolutionProperties) = preSolution
		HideSolutionNode = FALSE
	EndGlobalSection
	GlobalSection(ProjectConfigurationPlatforms) = postSolution
		{F5736FFE-51C3-45BD-A512-0100B519FB97}.Debug|Any CPU.ActiveCfg = Debug|Any CPU
		{F5736FFE-51C3-45BD-A512-0100B519FB97}.Debug|Any CPU.Build.0 = Debug|Any CPU
		{F5736FFE-51C3-45BD-A512-0100B519FB97}.Release|Any CPU.ActiveCfg = Release|Any CPU
		{F5736FFE-51C3-45BD-A512-0100B519FB97}.Release|Any CPU.Build.0 = Release|Any CPU
		{C63D8577-14EE-4547-B73F-6139A36AE613}.Debug|Any CPU.ActiveCfg = Debug|Any CPU
		{C63D8577-14EE-4547-B73F-6139A36AE613}.Debug|Any CPU.Build.0 = Debug|Any CPU
		{C63D8577-14EE-4547-B73F-6139A36AE613}.Release|Any CPU.ActiveCfg = Release|Any CPU
		{C63D8577-14EE-4547-B73F-6139A36AE613}.Release|Any CPU.Build.0 = Release|Any CPU
	EndGlobalSection
	GlobalSection(NestedProjects) = preSolution
		{F5736FFE-51C3-45BD-A512-0100B519FB97} = {3FABEF67-53EC-41FC-85D8-8B6ADC825110}
		{C63D8577-14EE-4547-B73F-6139A36AE613} = {21DEB37C-4C1F-4659-AE4C-B354745106E3}
	EndGlobalSection
EndGlobal
